
Microsoft Visual Studio Solution File, Format Version 12.00
# Visual Studio Version 16
VisualStudioVersion = 16.0.32002.261
MinimumVisualStudioVersion = 10.0.40219.1
Project("{FAE04EC0-301F-11D3-BF4B-00C04F79EFBC}") = "ServiceZuper", "ServiceZuper\ServiceZuper.csproj", "{5E7A0E14-D1C8-493A-981C-AF584A42F645}"
EndProject
Global
	GlobalSection(SolutionConfigurationPlatforms) = preSolution
		Debug|Any CPU = Debug|Any CPU
		Release|Any CPU = Release|Any CPU
	EndGlobalSection
	GlobalSection(ProjectConfigurationPlatforms) = postSolution
		{5E7A0E14-D1C8-493A-981C-AF584A42F645}.Debug|Any CPU.ActiveCfg = Debug|Any CPU
		{5E7A0E14-D1C8-493A-981C-AF584A42F645}.Debug|Any CPU.Build.0 = Debug|Any CPU
		{5E7A0E14-D1C8-493A-981C-AF584A42F645}.Release|Any CPU.ActiveCfg = Release|Any CPU
		{5E7A0E14-D1C8-493A-981C-AF584A42F645}.Release|Any CPU.Build.0 = Release|Any CPU
	EndGlobalSection
	GlobalSection(SolutionProperties) = preSolution
		HideSolutionNode = FALSE
	EndGlobalSection
	GlobalSection(ExtensibilityGlobals) = postSolution
		SolutionGuid = {7109F4B6-61D4-40D8-81F9-D5D7DA86370C}
	EndGlobalSection
EndGlobal
